# THIS IS AN AUTOGENERATED FILE. DO NOT EDIT THIS FILE DIRECTLY.
# yarn lockfile v1


"@octokit/app@^14.0.0":
  version "14.0.0"
  resolved "https://registry.npmjs.org/@octokit/app/-/app-14.0.0.tgz"
  integrity sha512-g/zDXttroZ9Se08shK0d0d/j0cgSA+h4WV7qGUevNEM0piNBkIlfb4Fm6bSwCNAZhNf72mBgERmYOoxicPkqdw==
  dependencies:
    "@octokit/auth-app" "^6.0.0"
    "@octokit/auth-unauthenticated" "^5.0.0"
    "@octokit/core" "^5.0.0"
    "@octokit/oauth-app" "^6.0.0"
    "@octokit/plugin-paginate-rest" "^8.0.0"
    "@octokit/types" "^11.1.0"
    "@octokit/webhooks" "^12.0.1"

"@octokit/auth-app@^6.0.0":
  version "6.0.0"
  resolved "https://registry.npmjs.org/@octokit/auth-app/-/auth-app-6.0.0.tgz"
  integrity sha512-OKct7Rukf3g9DjpzcpdacQsdmd6oPrJ7fZND22JkjzhDvfhttUOnmh+qPS4kHhaNNyTxqSThnfrUWvkqNLd1nw==
  dependencies:
    "@octokit/auth-oauth-app" "^7.0.0"
    "@octokit/auth-oauth-user" "^4.0.0"
    "@octokit/request" "^8.0.2"
    "@octokit/request-error" "^5.0.0"
    "@octokit/types" "^11.0.0"
    deprecation "^2.3.1"
    lru-cache "^10.0.0"
    universal-github-app-jwt "^1.1.1"
    universal-user-agent "^6.0.0"

"@octokit/auth-oauth-app@^7.0.0":
  version "7.0.0"
  resolved "https://registry.npmjs.org/@octokit/auth-oauth-app/-/auth-oauth-app-7.0.0.tgz"
  integrity sha512-8JvJEXGoEqrbzLwt3SwIUvkDd+1wrM8up0KawvDIElB8rbxPbvWppGO0SLKAWSJ0q8ILcVq+mWck6pDcZ3a9KA==
  dependencies:
    "@octokit/auth-oauth-device" "^6.0.0"
    "@octokit/auth-oauth-user" "^4.0.0"
    "@octokit/request" "^8.0.2"
    "@octokit/types" "^11.0.0"
    "@types/btoa-lite" "^1.0.0"
    btoa-lite "^1.0.0"
    universal-user-agent "^6.0.0"

"@octokit/auth-oauth-device@^6.0.0":
  version "6.0.0"
  resolved "https://registry.npmjs.org/@octokit/auth-oauth-device/-/auth-oauth-device-6.0.0.tgz"
  integrity sha512-Zgf/LKhwWk54rJaTGYVYtbKgUty+ouil6VQeRd+pCw7Gd0ECoSWaZuHK6uDGC/HtnWHjpSWFhzxPauDoHcNRtg==
  dependencies:
    "@octokit/oauth-methods" "^4.0.0"
    "@octokit/request" "^8.0.0"
    "@octokit/types" "^11.0.0"
    universal-user-agent "^6.0.0"

"@octokit/auth-oauth-user@^4.0.0":
  version "4.0.0"
  resolved "https://registry.npmjs.org/@octokit/auth-oauth-user/-/auth-oauth-user-4.0.0.tgz"
  integrity sha512-VOm5aIkVGHaOhIvsF/4YmSjoYDzzrKbbYkdSEO0KqHK7I8SlO3ZndSikQ1fBlNPUEH0ve2BOTxLrVvI1qBf9/Q==
  dependencies:
    "@octokit/auth-oauth-device" "^6.0.0"
    "@octokit/oauth-methods" "^4.0.0"
    "@octokit/request" "^8.0.2"
    "@octokit/types" "^11.0.0"
    btoa-lite "^1.0.0"
    universal-user-agent "^6.0.0"

"@octokit/auth-token@^4.0.0":
  version "4.0.0"
  resolved "https://registry.npmjs.org/@octokit/auth-token/-/auth-token-4.0.0.tgz"
  integrity sha512-tY/msAuJo6ARbK6SPIxZrPBms3xPbfwBrulZe0Wtr/DIY9lje2HeV1uoebShn6mx7SjCHif6EjMvoREj+gZ+SA==

"@octokit/auth-unauthenticated@^5.0.0":
  version "5.0.0"
  resolved "https://registry.npmjs.org/@octokit/auth-unauthenticated/-/auth-unauthenticated-5.0.0.tgz"
  integrity sha512-AjOI6FNB2dweJ85p6rf7D4EhE4y6VBcwYfX/7KJkR5Q9fD9ET6NABAjajUTSNFfCxmNIaQgISggZ3pkgwtTqsA==
  dependencies:
    "@octokit/request-error" "^5.0.0"
    "@octokit/types" "^11.0.0"

"@octokit/core@^5.0.0", "@octokit/core@>=5":
  version "5.0.0"
  resolved "https://registry.npmjs.org/@octokit/core/-/core-5.0.0.tgz"
  integrity sha512-YbAtMWIrbZ9FCXbLwT9wWB8TyLjq9mxpKdgB3dUNxQcIVTf9hJ70gRPwAcqGZdY6WdJPZ0I7jLaaNDCiloGN2A==
  dependencies:
    "@octokit/auth-token" "^4.0.0"
    "@octokit/graphql" "^7.0.0"
    "@octokit/request" "^8.0.2"
    "@octokit/request-error" "^5.0.0"
    "@octokit/types" "^11.0.0"
    before-after-hook "^2.2.0"
    universal-user-agent "^6.0.0"

"@octokit/endpoint@^9.0.0":
  version "9.0.0"
  resolved "https://registry.npmjs.org/@octokit/endpoint/-/endpoint-9.0.0.tgz"
  integrity sha512-szrQhiqJ88gghWY2Htt8MqUDO6++E/EIXqJ2ZEp5ma3uGS46o7LZAzSLt49myB7rT+Hfw5Y6gO3LmOxGzHijAQ==
  dependencies:
    "@octokit/types" "^11.0.0"
    is-plain-object "^5.0.0"
    universal-user-agent "^6.0.0"

"@octokit/graphql@^7.0.0":
  version "7.0.1"
  resolved "https://registry.npmjs.org/@octokit/graphql/-/graphql-7.0.1.tgz"
  integrity sha512-T5S3oZ1JOE58gom6MIcrgwZXzTaxRnxBso58xhozxHpOqSTgDS6YNeEUvZ/kRvXgPrRz/KHnZhtb7jUMRi9E6w==
  dependencies:
    "@octokit/request" "^8.0.1"
    "@octokit/types" "^11.0.0"
    universal-user-agent "^6.0.0"

"@octokit/oauth-app@^6.0.0":
  version "6.0.0"
  resolved "https://registry.npmjs.org/@octokit/oauth-app/-/oauth-app-6.0.0.tgz"
  integrity sha512-bNMkS+vJ6oz2hCyraT9ZfTpAQ8dZNqJJQVNaKjPLx4ue5RZiFdU1YWXguOPR8AaSHS+lKe+lR3abn2siGd+zow==
  dependencies:
    "@octokit/auth-oauth-app" "^7.0.0"
    "@octokit/auth-oauth-user" "^4.0.0"
    "@octokit/auth-unauthenticated" "^5.0.0"
    "@octokit/core" "^5.0.0"
    "@octokit/oauth-authorization-url" "^6.0.2"
    "@octokit/oauth-methods" "^4.0.0"
    "@types/aws-lambda" "^8.10.83"
    universal-user-agent "^6.0.0"

"@octokit/oauth-authorization-url@^6.0.2":
  version "6.0.2"
  resolved "https://registry.npmjs.org/@octokit/oauth-authorization-url/-/oauth-authorization-url-6.0.2.tgz"
  integrity sha512-CdoJukjXXxqLNK4y/VOiVzQVjibqoj/xHgInekviUJV73y/BSIcwvJ/4aNHPBPKcPWFnd4/lO9uqRV65jXhcLA==

"@octokit/oauth-methods@^4.0.0":
  version "4.0.0"
  resolved "https://registry.npmjs.org/@octokit/oauth-methods/-/oauth-methods-4.0.0.tgz"
  integrity sha512-dqy7BZLfLbi3/8X8xPKUKZclMEK9vN3fK5WF3ortRvtplQTszFvdAGbTo71gGLO+4ZxspNiLjnqdd64Chklf7w==
  dependencies:
    "@octokit/oauth-authorization-url" "^6.0.2"
    "@octokit/request" "^8.0.2"
    "@octokit/request-error" "^5.0.0"
    "@octokit/types" "^11.0.0"
    btoa-lite "^1.0.0"

"@octokit/openapi-types@^18.0.0":
  version "18.0.0"
  resolved "https://registry.npmjs.org/@octokit/openapi-types/-/openapi-types-18.0.0.tgz"
  integrity sha512-V8GImKs3TeQRxRtXFpG2wl19V7444NIOTDF24AWuIbmNaNYOQMWRbjcGDXV5B+0n887fgDcuMNOmlul+k+oJtw==

"@octokit/plugin-paginate-graphql@^4.0.0":
  version "4.0.0"
  resolved "https://registry.npmjs.org/@octokit/plugin-paginate-graphql/-/plugin-paginate-graphql-4.0.0.tgz"
  integrity sha512-7HcYW5tP7/Z6AETAPU14gp5H5KmCPT3hmJrS/5tO7HIgbwenYmgw4OY9Ma54FDySuxMwD+wsJlxtuGWwuZuItA==

"@octokit/plugin-paginate-rest@^8.0.0":
  version "8.0.0"
  resolved "https://registry.npmjs.org/@octokit/plugin-paginate-rest/-/plugin-paginate-rest-8.0.0.tgz"
  integrity sha512-2xZ+baZWUg+qudVXnnvXz7qfrTmDeYPCzangBVq/1gXxii/OiS//4shJp9dnCCvj1x+JAm9ji1Egwm1BA47lPQ==
  dependencies:
    "@octokit/types" "^11.0.0"

"@octokit/plugin-rest-endpoint-methods@^9.0.0":
  version "9.0.0"
  resolved "https://registry.npmjs.org/@octokit/plugin-rest-endpoint-methods/-/plugin-rest-endpoint-methods-9.0.0.tgz"
  integrity sha512-KquMF/VB1IkKNiVnzJKspY5mFgGyLd7HzdJfVEGTJFzqu9BRFNWt+nwTCMuUiWc72gLQhRWYubTwOkQj+w/1PA==
  dependencies:
    "@octokit/types" "^11.0.0"

"@octokit/plugin-retry@^6.0.0":
  version "6.0.0"
  resolved "https://registry.npmjs.org/@octokit/plugin-retry/-/plugin-retry-6.0.0.tgz"
  integrity sha512-a1/A4A+PB1QoAHQfLJxGHhLfSAT03bR1jJz3GgQJZvty2ozawFWs93MiBQXO7SL2YbO7CIq0Goj4qLOBj8JeMQ==
  dependencies:
    "@octokit/request-error" "^5.0.0"
    "@octokit/types" "^11.0.0"
    bottleneck "^2.15.3"

"@octokit/plugin-throttling@^7.0.0":
  version "7.0.0"
  resolved "https://registry.npmjs.org/@octokit/plugin-throttling/-/plugin-throttling-7.0.0.tgz"
  integrity sha512-KL2k/d0uANc8XqP5S64YcNFCudR3F5AaKO39XWdUtlJIjT9Ni79ekWJ6Kj5xvAw87udkOMEPcVf9xEge2+ahew==
  dependencies:
    "@octokit/types" "^11.0.0"
    bottleneck "^2.15.3"

"@octokit/request-error@^5.0.0":
  version "5.0.0"
  resolved "https://registry.npmjs.org/@octokit/request-error/-/request-error-5.0.0.tgz"
  integrity sha512-1ue0DH0Lif5iEqT52+Rf/hf0RmGO9NWFjrzmrkArpG9trFfDM/efx00BJHdLGuro4BR/gECxCU2Twf5OKrRFsQ==
  dependencies:
    "@octokit/types" "^11.0.0"
    deprecation "^2.0.0"
    once "^1.4.0"

"@octokit/request@^8.0.0", "@octokit/request@^8.0.1", "@octokit/request@^8.0.2":
  version "8.1.1"
  resolved "https://registry.npmjs.org/@octokit/request/-/request-8.1.1.tgz"
  integrity sha512-8N+tdUz4aCqQmXl8FpHYfKG9GelDFd7XGVzyN8rc6WxVlYcfpHECnuRkgquzz+WzvHTK62co5di8gSXnzASZPQ==
  dependencies:
    "@octokit/endpoint" "^9.0.0"
    "@octokit/request-error" "^5.0.0"
    "@octokit/types" "^11.1.0"
    is-plain-object "^5.0.0"
    universal-user-agent "^6.0.0"

"@octokit/types@^11.0.0", "@octokit/types@^11.1.0":
  version "11.1.0"
  resolved "https://registry.npmjs.org/@octokit/types/-/types-11.1.0.tgz"
  integrity sha512-Fz0+7GyLm/bHt8fwEqgvRBWwIV1S6wRRyq+V6exRKLVWaKGsuy6H9QFYeBVDV7rK6fO3XwHgQOPxv+cLj2zpXQ==
  dependencies:
    "@octokit/openapi-types" "^18.0.0"

"@octokit/webhooks-methods@^4.0.0":
  version "4.0.0"
  resolved "https://registry.npmjs.org/@octokit/webhooks-methods/-/webhooks-methods-4.0.0.tgz"
  integrity sha512-M8mwmTXp+VeolOS/kfRvsDdW+IO0qJ8kYodM/sAysk093q6ApgmBXwK1ZlUvAwXVrp/YVHp6aArj4auAxUAOFw==

"@octokit/webhooks-types@7.1.0":
  version "7.1.0"
  resolved "https://registry.npmjs.org/@octokit/webhooks-types/-/webhooks-types-7.1.0.tgz"
  integrity sha512-y92CpG4kFFtBBjni8LHoV12IegJ+KFxLgKRengrVjKmGE5XMeCuGvlfRe75lTRrgXaG6XIWJlFpIDTlkoJsU8w==

"@octokit/webhooks@^12.0.1":
  version "12.0.3"
  resolved "https://registry.npmjs.org/@octokit/webhooks/-/webhooks-12.0.3.tgz"
  integrity sha512-8iG+/yza7hwz1RrQ7i7uGpK2/tuItZxZq1aTmeg2TNp2xTUB8F8lZF/FcZvyyAxT8tpDMF74TjFGCDACkf1kAQ==
  dependencies:
    "@octokit/request-error" "^5.0.0"
    "@octokit/webhooks-methods" "^4.0.0"
    "@octokit/webhooks-types" "7.1.0"
    aggregate-error "^3.1.0"

"@types/aws-lambda@^8.10.83":
  version "8.10.119"
  resolved "https://registry.npmjs.org/@types/aws-lambda/-/aws-lambda-8.10.119.tgz"
  integrity sha512-Vqm22aZrCvCd6I5g1SvpW151jfqwTzEZ7XJ3yZ6xaZG31nUEOEyzzVImjRcsN8Wi/QyPxId/x8GTtgIbsy8kEw==

"@types/btoa-lite@^1.0.0":
  version "1.0.0"
  resolved "https://registry.npmjs.org/@types/btoa-lite/-/btoa-lite-1.0.0.tgz"
  integrity sha512-wJsiX1tosQ+J5+bY5LrSahHxr2wT+uME5UDwdN1kg4frt40euqA+wzECkmq4t5QbveHiJepfdThgQrPw6KiSlg==

"@types/jsonwebtoken@^9.0.0":
  version "9.0.2"
  resolved "https://registry.npmjs.org/@types/jsonwebtoken/-/jsonwebtoken-9.0.2.tgz"
  integrity sha512-drE6uz7QBKq1fYqqoFKTDRdFCPHd5TCub75BM+D+cMx7NU9hUz7SESLfC2fSCXVFMO5Yj8sOWHuGqPgjc+fz0Q==
  dependencies:
    "@types/node" "*"

"@types/node@*":
  version "20.4.5"
  resolved "https://registry.npmjs.org/@types/node/-/node-20.4.5.tgz"
  integrity sha512-rt40Nk13II9JwQBdeYqmbn2Q6IVTA5uPhvSO+JVqdXw/6/4glI6oR9ezty/A9Hg5u7JH4OmYmuQ+XvjKm0Datg==

aggregate-error@^3.1.0:
  version "3.1.0"
  resolved "https://registry.npmjs.org/aggregate-error/-/aggregate-error-3.1.0.tgz"
  integrity sha512-4I7Td01quW/RpocfNayFdFVk1qSuoh0E7JrbRJ16nH01HhKFQ88INq9Sd+nd72zqRySlr9BmDA8xlEJ6vJMrYA==
  dependencies:
    clean-stack "^2.0.0"
    indent-string "^4.0.0"

ansi-styles@^3.2.1:
  version "3.2.1"
  resolved "https://registry.npmjs.org/ansi-styles/-/ansi-styles-3.2.1.tgz"
  integrity sha512-VT0ZI6kZRdTh8YyJw3SMbYm/u+NqfsAxEpWO0Pf9sq8/e94WxxOpPKx9FR1FlyCtOVDNOQ+8ntlqFxiRc+r5qA==
  dependencies:
    color-convert "^1.9.0"

array-buffer-byte-length@^1.0.0:
  version "1.0.0"
  resolved "https://registry.npmjs.org/array-buffer-byte-length/-/array-buffer-byte-length-1.0.0.tgz"
  integrity sha512-LPuwb2P+NrQw3XhxGc36+XSvuBPopovXYTR9Ew++Du9Yb/bx5AzBfrIsBoj0EZUifjQU+sHL21sseZ3jerWO/A==
  dependencies:
    call-bind "^1.0.2"
    is-array-buffer "^3.0.1"

array.prototype.reduce@^1.0.5:
  version "1.0.5"
  resolved "https://registry.npmjs.org/array.prototype.reduce/-/array.prototype.reduce-1.0.5.tgz"
  integrity sha512-kDdugMl7id9COE8R7MHF5jWk7Dqt/fs4Pv+JXoICnYwqpjjjbUurz6w5fT5IG6brLdJhv6/VoHB0H7oyIBXd+Q==
  dependencies:
    call-bind "^1.0.2"
    define-properties "^1.1.4"
    es-abstract "^1.20.4"
    es-array-method-boxes-properly "^1.0.0"
    is-string "^1.0.7"

arraybuffer.prototype.slice@^1.0.1:
  version "1.0.1"
  resolved "https://registry.npmjs.org/arraybuffer.prototype.slice/-/arraybuffer.prototype.slice-1.0.1.tgz"
  integrity sha512-09x0ZWFEjj4WD8PDbykUwo3t9arLn8NIzmmYEJFpYekOAQjpkGSyrQhNoRTcwwcFRu+ycWF78QZ63oWTqSjBcw==
  dependencies:
    array-buffer-byte-length "^1.0.0"
    call-bind "^1.0.2"
    define-properties "^1.2.0"
    get-intrinsic "^1.2.1"
    is-array-buffer "^3.0.2"
    is-shared-array-buffer "^1.0.2"

available-typed-arrays@^1.0.5:
  version "1.0.5"
  resolved "https://registry.npmjs.org/available-typed-arrays/-/available-typed-arrays-1.0.5.tgz"
  integrity sha512-DMD0KiN46eipeziST1LPP/STfDU0sufISXmjSgvVsoU2tqxctQeASejWcfNtxYKqETM1UxQ8sp2OrSBWpHY6sw==

axios@^0.19.0:
  version "0.19.2"
  resolved "https://registry.npmjs.org/axios/-/axios-0.19.2.tgz"
  integrity sha512-fjgm5MvRHLhx+osE2xoekY70AhARk3a6hkN+3Io1jc00jtquGvxYlKlsFUhmUET0V5te6CcZI7lcv2Ym61mjHA==
  dependencies:
    follow-redirects "1.5.10"

balanced-match@^1.0.0:
  version "1.0.2"
  resolved "https://registry.npmjs.org/balanced-match/-/balanced-match-1.0.2.tgz"
  integrity sha512-3oSeUO0TMV67hN1AmbXsK4yaqU7tjiHlbxRDZOpH0KW9+CeX4bRAaX0Anxt0tx2MrpRpWwQaPwIlISEJhYU5Pw==

before-after-hook@^2.2.0:
  version "2.2.3"
  resolved "https://registry.npmjs.org/before-after-hook/-/before-after-hook-2.2.3.tgz"
  integrity sha512-NzUnlZexiaH/46WDhANlyR2bXRopNg4F/zuSA3OpZnllCUgRaOF2znDioDWrmbNVsuZk6l9pMquQB38cfBZwkQ==

bottleneck@^2.15.3:
  version "2.19.5"
  resolved "https://registry.npmjs.org/bottleneck/-/bottleneck-2.19.5.tgz"
  integrity sha512-VHiNCbI1lKdl44tGrhNfU3lup0Tj/ZBMJB5/2ZbNXRCPuRCO7ed2mgcK4r17y+KB2EfuYuRaVlwNbAeaWGSpbw==

brace-expansion@^1.1.7:
  version "1.1.11"
  resolved "https://registry.npmjs.org/brace-expansion/-/brace-expansion-1.1.11.tgz"
  integrity sha512-iCuPHDFgrHX7H2vEI/5xpz07zSHB00TpugqhmYtVmMO6518mCuRMoOYFldEBl0g187ufozdaHgWKcYFb61qGiA==
  dependencies:
    balanced-match "^1.0.0"
    concat-map "0.0.1"

brotli-size@^4.0.0:
  version "4.0.0"
  resolved "https://registry.npmjs.org/brotli-size/-/brotli-size-4.0.0.tgz"
  integrity sha512-uA9fOtlTRC0iqKfzff1W34DXUA3GyVqbUaeo3Rw3d4gd1eavKVCETXrn3NzO74W+UVkG3UHu8WxUi+XvKI/huA==
  dependencies:
    duplexer "0.1.1"

btoa-lite@^1.0.0:
  version "1.0.0"
  resolved "https://registry.npmjs.org/btoa-lite/-/btoa-lite-1.0.0.tgz"
  integrity sha512-gvW7InbIyF8AicrqWoptdW08pUxuhq8BEgowNajy9RhiE86fmGAGl+bLKo6oB8QP0CkqHLowfN0oJdKC/J6LbA==

buffer-equal-constant-time@1.0.1:
  version "1.0.1"
  resolved "https://registry.npmjs.org/buffer-equal-constant-time/-/buffer-equal-constant-time-1.0.1.tgz"
  integrity sha512-zRpUiDwd/xk6ADqPMATG8vc9VPrkck7T07OIx0gnjmJAnHnTVXNQG3vfvWNuiZIkwu9KrKdA1iJKfsfTVxE6NA==

call-bind@^1.0.0, call-bind@^1.0.2:
  version "1.0.2"
  resolved "https://registry.npmjs.org/call-bind/-/call-bind-1.0.2.tgz"
  integrity sha512-7O+FbCihrB5WGbFYesctwmTKae6rOiIzmz1icreWJ+0aA7LJfuqhEso2T9ncpcFtzMQtzXf2QGGueWJGTYsqrA==
  dependencies:
    function-bind "^1.1.1"
    get-intrinsic "^1.0.2"

chalk@^2.4.2:
  version "2.4.2"
  resolved "https://registry.npmjs.org/chalk/-/chalk-2.4.2.tgz"
  integrity sha512-Mti+f9lpJNcwF4tWV8/OrTTtF1gZi+f8FqlyAdouralcFWFQWF2+NgCHShjkCb+IFBLq9buZwE1xckQU4peSuQ==
  dependencies:
    ansi-styles "^3.2.1"
    escape-string-regexp "^1.0.5"
    supports-color "^5.3.0"

ci-env@^1.11.0:
  version "1.17.0"
  resolved "https://registry.npmjs.org/ci-env/-/ci-env-1.17.0.tgz"
  integrity sha512-NtTjhgSEqv4Aj90TUYHQLxHdnCPXnjdtuGG1X8lTfp/JqeXTdw0FTWl/vUAPuvbWZTF8QVpv6ASe/XacE+7R2A==

clean-stack@^2.0.0:
  version "2.2.0"
  resolved "https://registry.npmjs.org/clean-stack/-/clean-stack-2.2.0.tgz"
  integrity sha512-4diC9HaTE+KRAMWhDhrGOECgWZxoevMc5TlkObMqNSsVU62PYzXZ/SMTjzyGAFF1YusgxGcSWTEXBhp0CPwQ1A==

color-convert@^1.9.0:
  version "1.9.3"
  resolved "https://registry.npmjs.org/color-convert/-/color-convert-1.9.3.tgz"
  integrity sha512-QfAUtd+vFdAtFQcC8CCyYt1fYWxSqAiK2cSD6zDB8N3cpsEBAvRxp9zOGg6G/SHHJYAT88/az/IuDGALsNVbGg==
  dependencies:
    color-name "1.1.3"

color-name@1.1.3:
  version "1.1.3"
  resolved "https://registry.npmjs.org/color-name/-/color-name-1.1.3.tgz"
  integrity sha512-72fSenhMw2HZMTVHeCA9KCmpEIbzWiQsjN+BHcBbS9vr1mtt+vJjPdksIBNUmKAW8TFUDPJK5SUU3QhE9NEXDw==

concat-map@0.0.1:
  version "0.0.1"
  resolved "https://registry.npmjs.org/concat-map/-/concat-map-0.0.1.tgz"
  integrity sha512-/Srv4dswyQNBfohGpz9o6Yb3Gz3SrUDqBH5rTuhGR7ahtlbYKnVxw2bCFMRljaA7EXHaXZ8wsHdodFvbkhKmqg==

data-uri-to-buffer@^4.0.0:
  version "4.0.1"
  resolved "https://registry.npmjs.org/data-uri-to-buffer/-/data-uri-to-buffer-4.0.1.tgz"
  integrity sha512-0R9ikRb668HB7QDxT1vkpuUBtqc53YyAwMwGeUFKRojY/NWKvdZ+9UYtRfGmhqNbRkTSVpMbmyhXipFFv2cb/A==

debug@=3.1.0:
  version "3.1.0"
  resolved "https://registry.npmjs.org/debug/-/debug-3.1.0.tgz"
  integrity sha512-OX8XqP7/1a9cqkxYw2yXss15f26NKWBpDXQd0/uK/KPqdQhxbPa994hnzjcE2VqQpDslf55723cKPUOGSmMY3g==
  dependencies:
    ms "2.0.0"

define-properties@^1.1.3, define-properties@^1.1.4, define-properties@^1.2.0:
  version "1.2.0"
  resolved "https://registry.npmjs.org/define-properties/-/define-properties-1.2.0.tgz"
  integrity sha512-xvqAVKGfT1+UAvPwKTVw/njhdQ8ZhXK4lI0bCIuCMrp2up9nPnaDftrLtmpTazqd1o+UY4zgzU+avtMbDP+ldA==
  dependencies:
    has-property-descriptors "^1.0.0"
    object-keys "^1.1.1"

deprecation@^2.0.0, deprecation@^2.3.1:
  version "2.3.1"
  resolved "https://registry.npmjs.org/deprecation/-/deprecation-2.3.1.tgz"
  integrity sha512-xmHIy4F3scKVwMsQ4WnVaS8bHOx0DmVwRywosKhaILI0ywMDWPtBSku2HNxRvF7jtwDRsoEwYQSfbxj8b7RlJQ==

dotenv@^16.3.1:
  version "16.3.1"
  resolved "https://registry.npmjs.org/dotenv/-/dotenv-16.3.1.tgz"
  integrity sha512-IPzF4w4/Rd94bA9imS68tZBaYyBWSCE47V1RGuMrB94iyTOIEwRmVL2x/4An+6mETpLrKJ5hQkB8W4kFAadeIQ==

duplexer@^0.1.1:
  version "0.1.2"
  resolved "https://registry.npmjs.org/duplexer/-/duplexer-0.1.2.tgz"
  integrity sha512-jtD6YG370ZCIi/9GTaJKQxWTZD045+4R4hTk/x1UyoqadyJ9x9CgSi1RlVDQF8U2sxLLSnFkCaMihqljHIWgMg==

duplexer@0.1.1:
  version "0.1.1"
  resolved "https://registry.npmjs.org/duplexer/-/duplexer-0.1.1.tgz"
  integrity sha512-sxNZ+ljy+RA1maXoUReeqBBpBC6RLKmg5ewzV+x+mSETmWNoKdZN6vcQjpFROemza23hGFskJtFNoUWUaQ+R4Q==

ecdsa-sig-formatter@1.0.11:
  version "1.0.11"
  resolved "https://registry.npmjs.org/ecdsa-sig-formatter/-/ecdsa-sig-formatter-1.0.11.tgz"
  integrity sha512-nagl3RYrbNv6kQkeJIpt6NJZy8twLB/2vtz6yN9Z4vRKHN4/QZJIEbqohALSgwKdnksuY3k5Addp5lg8sVoVcQ==
  dependencies:
    safe-buffer "^5.0.1"

es-abstract@^1.19.0, es-abstract@^1.20.4, es-abstract@^1.21.2:
  version "1.22.1"
  resolved "https://registry.npmjs.org/es-abstract/-/es-abstract-1.22.1.tgz"
  integrity sha512-ioRRcXMO6OFyRpyzV3kE1IIBd4WG5/kltnzdxSCqoP8CMGs/Li+M1uF5o7lOkZVFjDs+NLesthnF66Pg/0q0Lw==
  dependencies:
    array-buffer-byte-length "^1.0.0"
    arraybuffer.prototype.slice "^1.0.1"
    available-typed-arrays "^1.0.5"
    call-bind "^1.0.2"
    es-set-tostringtag "^2.0.1"
    es-to-primitive "^1.2.1"
    function.prototype.name "^1.1.5"
    get-intrinsic "^1.2.1"
    get-symbol-description "^1.0.0"
    globalthis "^1.0.3"
    gopd "^1.0.1"
    has "^1.0.3"
    has-property-descriptors "^1.0.0"
    has-proto "^1.0.1"
    has-symbols "^1.0.3"
    internal-slot "^1.0.5"
    is-array-buffer "^3.0.2"
    is-callable "^1.2.7"
    is-negative-zero "^2.0.2"
    is-regex "^1.1.4"
    is-shared-array-buffer "^1.0.2"
    is-string "^1.0.7"
    is-typed-array "^1.1.10"
    is-weakref "^1.0.2"
    object-inspect "^1.12.3"
    object-keys "^1.1.1"
    object.assign "^4.1.4"
    regexp.prototype.flags "^1.5.0"
    safe-array-concat "^1.0.0"
    safe-regex-test "^1.0.0"
    string.prototype.trim "^1.2.7"
    string.prototype.trimend "^1.0.6"
    string.prototype.trimstart "^1.0.6"
    typed-array-buffer "^1.0.0"
    typed-array-byte-length "^1.0.0"
    typed-array-byte-offset "^1.0.0"
    typed-array-length "^1.0.4"
    unbox-primitive "^1.0.2"
    which-typed-array "^1.1.10"

es-array-method-boxes-properly@^1.0.0:
  version "1.0.0"
  resolved "https://registry.npmjs.org/es-array-method-boxes-properly/-/es-array-method-boxes-properly-1.0.0.tgz"
  integrity sha512-wd6JXUmyHmt8T5a2xreUwKcGPq6f1f+WwIJkijUqiGcJz1qqnZgP6XIK+QyIWU5lT7imeNxUll48bziG+TSYcA==

es-set-tostringtag@^2.0.1:
  version "2.0.1"
  resolved "https://registry.npmjs.org/es-set-tostringtag/-/es-set-tostringtag-2.0.1.tgz"
  integrity sha512-g3OMbtlwY3QewlqAiMLI47KywjWZoEytKr8pf6iTC8uJq5bIAH52Z9pnQ8pVL6whrCto53JZDuUIsifGeLorTg==
  dependencies:
    get-intrinsic "^1.1.3"
    has "^1.0.3"
    has-tostringtag "^1.0.0"

es-to-primitive@^1.2.1:
  version "1.2.1"
  resolved "https://registry.npmjs.org/es-to-primitive/-/es-to-primitive-1.2.1.tgz"
  integrity sha512-QCOllgZJtaUo9miYBcLChTUaHNjJF3PYs1VidD7AwiEj1kYxKeQTctLAezAOH5ZKRH0g2IgPn6KwB4IT8iRpvA==
  dependencies:
    is-callable "^1.1.4"
    is-date-object "^1.0.1"
    is-symbol "^1.0.2"

escape-string-regexp@^1.0.5:
  version "1.0.5"
  resolved "https://registry.npmjs.org/escape-string-regexp/-/escape-string-regexp-1.0.5.tgz"
  integrity sha512-vbRorB5FUQWvla16U8R/qgaFIya2qGzwDrNmCZuYKrbdSUMG6I1ZCGQRefkRVhuOkIGVne7BQ35DSfo1qvJqFg==

fetch-blob@^3.1.2, fetch-blob@^3.1.4:
  version "3.2.0"
  resolved "https://registry.npmjs.org/fetch-blob/-/fetch-blob-3.2.0.tgz"
  integrity sha512-7yAQpD2UMJzLi1Dqv7qFYnPbaPx7ZfFK6PiIxQ4PfkGPyNyl2Ugx+a/umUonmKqjhM4DnfbMvdX6otXq83soQQ==
  dependencies:
    node-domexception "^1.0.0"
    web-streams-polyfill "^3.0.3"

follow-redirects@1.5.10:
  version "1.5.10"
  resolved "https://registry.npmjs.org/follow-redirects/-/follow-redirects-1.5.10.tgz"
  integrity sha512-0V5l4Cizzvqt5D44aTXbFZz+FtyXV1vrDN6qrelxtfYQKW0KO0W2T/hkE8xvGa/540LkZlkaUjO4ailYTFtHVQ==
  dependencies:
    debug "=3.1.0"

for-each@^0.3.3:
  version "0.3.3"
  resolved "https://registry.npmjs.org/for-each/-/for-each-0.3.3.tgz"
  integrity sha512-jqYfLp7mo9vIyQf8ykW2v7A+2N4QjeCeI5+Dz9XraiO1ign81wjiH7Fb9vSOWvQfNtmSa4H2RoQTrrXivdUZmw==
  dependencies:
    is-callable "^1.1.3"

formdata-polyfill@^4.0.10:
  version "4.0.10"
  resolved "https://registry.npmjs.org/formdata-polyfill/-/formdata-polyfill-4.0.10.tgz"
  integrity sha512-buewHzMvYL29jdeQTVILecSaZKnt/RJWjoZCF5OW60Z67/GmSLBkOFM7qh1PI3zFNtJbaZL5eQu1vLfazOwj4g==
  dependencies:
    fetch-blob "^3.1.2"

fs-extra@^8.1.0:
  version "8.1.0"
  resolved "https://registry.npmjs.org/fs-extra/-/fs-extra-8.1.0.tgz"
  integrity sha512-yhlQgA6mnOJUKOsRUFsgJdQCvkKhcz8tlZG5HBQfReYZy46OwLcY+Zia0mtdHsOo9y/hP+CxMN0TU9QxoOtG4g==
  dependencies:
    graceful-fs "^4.2.0"
    jsonfile "^4.0.0"
    universalify "^0.1.0"

fs.realpath@^1.0.0:
  version "1.0.0"
  resolved "https://registry.npmjs.org/fs.realpath/-/fs.realpath-1.0.0.tgz"
  integrity sha512-OO0pH2lK6a0hZnAdau5ItzHPI6pUlvI7jMVnxUQRtw4owF2wk8lOSabtGDCTP4Ggrg2MbGnWO9X8K1t4+fGMDw==

function-bind@^1.1.1:
  version "1.1.1"
  resolved "https://registry.npmjs.org/function-bind/-/function-bind-1.1.1.tgz"
  integrity sha512-yIovAzMX49sF8Yl58fSCWJ5svSLuaibPxXQJFLmBObTuCr0Mf1KiPopGM9NiFjiYBCbfaa2Fh6breQ6ANVTI0A==

function.prototype.name@^1.1.5:
  version "1.1.5"
  resolved "https://registry.npmjs.org/function.prototype.name/-/function.prototype.name-1.1.5.tgz"
  integrity sha512-uN7m/BzVKQnCUF/iW8jYea67v++2u7m5UgENbHRtdDVclOUP+FMPlCNdmk0h/ysGyo2tavMJEDqJAkJdRa1vMA==
  dependencies:
    call-bind "^1.0.2"
    define-properties "^1.1.3"
    es-abstract "^1.19.0"
    functions-have-names "^1.2.2"

functions-have-names@^1.2.2, functions-have-names@^1.2.3:
  version "1.2.3"
  resolved "https://registry.npmjs.org/functions-have-names/-/functions-have-names-1.2.3.tgz"
  integrity sha512-xckBUXyTIqT97tq2x2AMb+g163b5JFysYk0x4qxNFwbfQkmNZoiRHb6sPzI9/QV33WeuvVYBUIiD4NzNIyqaRQ==

get-intrinsic@^1.0.2, get-intrinsic@^1.1.1, get-intrinsic@^1.1.3, get-intrinsic@^1.2.0, get-intrinsic@^1.2.1:
  version "1.2.1"
  resolved "https://registry.npmjs.org/get-intrinsic/-/get-intrinsic-1.2.1.tgz"
  integrity sha512-2DcsyfABl+gVHEfCOaTrWgyt+tb6MSEGmKq+kI5HwLbIYgjgmMcV8KQ41uaKz1xxUcn9tJtgFbQUEVcEbd0FYw==
  dependencies:
    function-bind "^1.1.1"
    has "^1.0.3"
    has-proto "^1.0.1"
    has-symbols "^1.0.3"

get-symbol-description@^1.0.0:
  version "1.0.0"
  resolved "https://registry.npmjs.org/get-symbol-description/-/get-symbol-description-1.0.0.tgz"
  integrity sha512-2EmdH1YvIQiZpltCNgkuiUnyukzxM/R6NDJX31Ke3BG1Nq5b0S2PhX59UKi9vZpPDQVdqn+1IcaAwnzTT5vCjw==
  dependencies:
    call-bind "^1.0.2"
    get-intrinsic "^1.1.1"

glob@^7.1.4:
  version "7.2.3"
  resolved "https://registry.npmjs.org/glob/-/glob-7.2.3.tgz"
  integrity sha512-nFR0zLpU2YCaRxwoCJvL6UvCH2JFyFVIvwTLsIf21AuHlMskA1hhTdk+LlYJtOlYt9v6dvszD2BGRqBL+iQK9Q==
  dependencies:
    fs.realpath "^1.0.0"
    inflight "^1.0.4"
    inherits "2"
    minimatch "^3.1.1"
    once "^1.3.0"
    path-is-absolute "^1.0.0"

globalthis@^1.0.3:
  version "1.0.3"
  resolved "https://registry.npmjs.org/globalthis/-/globalthis-1.0.3.tgz"
  integrity sha512-sFdI5LyBiNTHjRd7cGPWapiHWMOXKyuBNX/cWJ3NfzrZQVa8GI/8cofCl74AOVqq9W5kNmguTIzJ/1s2gyI9wA==
  dependencies:
    define-properties "^1.1.3"

gopd@^1.0.1:
  version "1.0.1"
  resolved "https://registry.npmjs.org/gopd/-/gopd-1.0.1.tgz"
  integrity sha512-d65bNlIadxvpb/A2abVdlqKqV563juRnZ1Wtk6s1sIR8uNsXR70xqIzVqxVf1eTqDunwT2MkczEeaezCKTZhwA==
  dependencies:
    get-intrinsic "^1.1.3"

graceful-fs@^4.1.6, graceful-fs@^4.2.0:
  version "4.2.11"
  resolved "https://registry.npmjs.org/graceful-fs/-/graceful-fs-4.2.11.tgz"
  integrity sha512-RbJ5/jmFcNNCcDV5o9eTnBLJ/HszWV0P73bc+Ff4nS/rJj+YaS6IGyiOL0VoBYX+l1Wrl3k63h/KrH+nhJ0XvQ==

gzip-size@^5.1.1:
  version "5.1.1"
  resolved "https://registry.npmjs.org/gzip-size/-/gzip-size-5.1.1.tgz"
  integrity sha512-FNHi6mmoHvs1mxZAds4PpdCS6QG8B4C1krxJsMutgxl5t3+GlRTzzI3NEkifXx2pVsOvJdOGSmIgDhQ55FwdPA==
  dependencies:
    duplexer "^0.1.1"
    pify "^4.0.1"

has-bigints@^1.0.1, has-bigints@^1.0.2:
  version "1.0.2"
  resolved "https://registry.npmjs.org/has-bigints/-/has-bigints-1.0.2.tgz"
  integrity sha512-tSvCKtBr9lkF0Ex0aQiP9N+OpV4zi2r/Nee5VkRDbaqv35RLYMzbwQfFSZZH0kR+Rd6302UJZ2p/bJCEoR3VoQ==

has-flag@^3.0.0:
  version "3.0.0"
  resolved "https://registry.npmjs.org/has-flag/-/has-flag-3.0.0.tgz"
  integrity sha512-sKJf1+ceQBr4SMkvQnBDNDtf4TXpVhVGateu0t918bl30FnbE2m4vNLX+VWe/dpjlb+HugGYzW7uQXH98HPEYw==

has-property-descriptors@^1.0.0:
  version "1.0.0"
  resolved "https://registry.npmjs.org/has-property-descriptors/-/has-property-descriptors-1.0.0.tgz"
  integrity sha512-62DVLZGoiEBDHQyqG4w9xCuZ7eJEwNmJRWw2VY84Oedb7WFcA27fiEVe8oUQx9hAUJ4ekurquucTGwsyO1XGdQ==
  dependencies:
    get-intrinsic "^1.1.1"

has-proto@^1.0.1:
  version "1.0.1"
  resolved "https://registry.npmjs.org/has-proto/-/has-proto-1.0.1.tgz"
  integrity sha512-7qE+iP+O+bgF9clE5+UoBFzE65mlBiVj3tKCrlNQ0Ogwm0BjpT/gK4SlLYDMybDh5I3TCTKnPPa0oMG7JDYrhg==

has-symbols@^1.0.2, has-symbols@^1.0.3:
  version "1.0.3"
  resolved "https://registry.npmjs.org/has-symbols/-/has-symbols-1.0.3.tgz"
  integrity sha512-l3LCuF6MgDNwTDKkdYGEihYjt5pRPbEg46rtlmnSPlUbgmB8LOIrKJbYYFBSbnPaJexMKtiPO8hmeRjRz2Td+A==

has-tostringtag@^1.0.0:
  version "1.0.0"
  resolved "https://registry.npmjs.org/has-tostringtag/-/has-tostringtag-1.0.0.tgz"
  integrity sha512-kFjcSNhnlGV1kyoGk7OXKSawH5JOb/LzUc5w9B02hOTO0dfFRjbHQKvg1d6cf3HbeUmtU9VbbV3qzZ2Teh97WQ==
  dependencies:
    has-symbols "^1.0.2"

has@^1.0.3:
  version "1.0.3"
  resolved "https://registry.npmjs.org/has/-/has-1.0.3.tgz"
  integrity sha512-f2dvO0VU6Oej7RkWJGrehjbzMAjFp5/VKPp5tTpWIV4JHHZK1/BxbFRtf/siA2SWTe09caDmVtYYzWEIbBS4zw==
  dependencies:
    function-bind "^1.1.1"

indent-string@^4.0.0:
  version "4.0.0"
  resolved "https://registry.npmjs.org/indent-string/-/indent-string-4.0.0.tgz"
  integrity sha512-EdDDZu4A2OyIK7Lr/2zG+w5jmbuk1DVBnEwREQvBzspBJkCEbRa8GxU1lghYcaGJCnRWibjDXlq779X1/y5xwg==

inflight@^1.0.4:
  version "1.0.6"
  resolved "https://registry.npmjs.org/inflight/-/inflight-1.0.6.tgz"
  integrity sha512-k92I/b08q4wvFscXCLvqfsHCrjrF7yiXsQuIVvVE7N82W3+aqpzuUdBbfhWcy/FZR3/4IgflMgKLOsvPDrGCJA==
  dependencies:
    once "^1.3.0"
    wrappy "1"

inherits@2:
  version "2.0.4"
  resolved "https://registry.npmjs.org/inherits/-/inherits-2.0.4.tgz"
  integrity sha512-k/vGaX4/Yla3WzyMCvTQOXYeIHvqOKtnqBduzTHpzpQZzAskKMhZ2K+EnBiSM9zGSoIFeMpXKxa4dYeZIQqewQ==

internal-slot@^1.0.5:
  version "1.0.5"
  resolved "https://registry.npmjs.org/internal-slot/-/internal-slot-1.0.5.tgz"
  integrity sha512-Y+R5hJrzs52QCG2laLn4udYVnxsfny9CpOhNhUvk/SSSVyF6T27FzRbF0sroPidSu3X8oEAkOn2K804mjpt6UQ==
  dependencies:
    get-intrinsic "^1.2.0"
    has "^1.0.3"
    side-channel "^1.0.4"

is-array-buffer@^3.0.1, is-array-buffer@^3.0.2:
  version "3.0.2"
  resolved "https://registry.npmjs.org/is-array-buffer/-/is-array-buffer-3.0.2.tgz"
  integrity sha512-y+FyyR/w8vfIRq4eQcM1EYgSTnmHXPqaF+IgzgraytCFq5Xh8lllDVmAZolPJiZttZLeFSINPYMaEJ7/vWUa1w==
  dependencies:
    call-bind "^1.0.2"
    get-intrinsic "^1.2.0"
    is-typed-array "^1.1.10"

is-bigint@^1.0.1:
  version "1.0.4"
  resolved "https://registry.npmjs.org/is-bigint/-/is-bigint-1.0.4.tgz"
  integrity sha512-zB9CruMamjym81i2JZ3UMn54PKGsQzsJeo6xvN3HJJ4CAsQNB6iRutp2To77OfCNuoxspsIhzaPoO1zyCEhFOg==
  dependencies:
    has-bigints "^1.0.1"

is-boolean-object@^1.1.0:
  version "1.1.2"
  resolved "https://registry.npmjs.org/is-boolean-object/-/is-boolean-object-1.1.2.tgz"
  integrity sha512-gDYaKHJmnj4aWxyj6YHyXVpdQawtVLHU5cb+eztPGczf6cjuTdwve5ZIEfgXqH4e57An1D1AKf8CZ3kYrQRqYA==
  dependencies:
    call-bind "^1.0.2"
    has-tostringtag "^1.0.0"

is-callable@^1.1.3, is-callable@^1.1.4, is-callable@^1.2.7:
  version "1.2.7"
  resolved "https://registry.npmjs.org/is-callable/-/is-callable-1.2.7.tgz"
  integrity sha512-1BC0BVFhS/p0qtw6enp8e+8OD0UrK0oFLztSjNzhcKA3WDuJxxAPXzPuPtKkjEY9UUoEWlX/8fgKeu2S8i9JTA==

is-date-object@^1.0.1:
  version "1.0.5"
  resolved "https://registry.npmjs.org/is-date-object/-/is-date-object-1.0.5.tgz"
  integrity sha512-9YQaSxsAiSwcvS33MBk3wTCVnWK+HhF8VZR2jRxehM16QcVOdHqPn4VPHmRK4lSr38n9JriurInLcP90xsYNfQ==
  dependencies:
    has-tostringtag "^1.0.0"

is-negative-zero@^2.0.2:
  version "2.0.2"
  resolved "https://registry.npmjs.org/is-negative-zero/-/is-negative-zero-2.0.2.tgz"
  integrity sha512-dqJvarLawXsFbNDeJW7zAz8ItJ9cd28YufuuFzh0G8pNHjJMnY08Dv7sYX2uF5UpQOwieAeOExEYAWWfu7ZZUA==

is-number-object@^1.0.4:
  version "1.0.7"
  resolved "https://registry.npmjs.org/is-number-object/-/is-number-object-1.0.7.tgz"
  integrity sha512-k1U0IRzLMo7ZlYIfzRu23Oh6MiIFasgpb9X76eqfFZAqwH44UI4KTBvBYIZ1dSL9ZzChTB9ShHfLkR4pdW5krQ==
  dependencies:
    has-tostringtag "^1.0.0"

is-plain-object@^5.0.0:
  version "5.0.0"
  resolved "https://registry.npmjs.org/is-plain-object/-/is-plain-object-5.0.0.tgz"
  integrity sha512-VRSzKkbMm5jMDoKLbltAkFQ5Qr7VDiTFGXxYFXXowVj387GeGNOCsOH6Msy00SGZ3Fp84b1Naa1psqgcCIEP5Q==

is-regex@^1.1.4:
  version "1.1.4"
  resolved "https://registry.npmjs.org/is-regex/-/is-regex-1.1.4.tgz"
  integrity sha512-kvRdxDsxZjhzUX07ZnLydzS1TU/TJlTUHHY4YLL87e37oUA49DfkLqgy+VjFocowy29cKvcSiu+kIv728jTTVg==
  dependencies:
    call-bind "^1.0.2"
    has-tostringtag "^1.0.0"

is-shared-array-buffer@^1.0.2:
  version "1.0.2"
  resolved "https://registry.npmjs.org/is-shared-array-buffer/-/is-shared-array-buffer-1.0.2.tgz"
  integrity sha512-sqN2UDu1/0y6uvXyStCOzyhAjCSlHceFoMKJW8W9EU9cvic/QdsZ0kEU93HEy3IUEFZIiH/3w+AH/UQbPHNdhA==
  dependencies:
    call-bind "^1.0.2"

is-string@^1.0.5, is-string@^1.0.7:
  version "1.0.7"
  resolved "https://registry.npmjs.org/is-string/-/is-string-1.0.7.tgz"
  integrity sha512-tE2UXzivje6ofPW7l23cjDOMa09gb7xlAqG6jG5ej6uPV32TlWP3NKPigtaGeHNu9fohccRYvIiZMfOOnOYUtg==
  dependencies:
    has-tostringtag "^1.0.0"

is-symbol@^1.0.2, is-symbol@^1.0.3:
  version "1.0.4"
  resolved "https://registry.npmjs.org/is-symbol/-/is-symbol-1.0.4.tgz"
  integrity sha512-C/CPBqKWnvdcxqIARxyOh4v1UUEOCHpgDa0WYgpKDFMszcrPcffg5uhwSgPCLD2WWxmq6isisz87tzT01tuGhg==
  dependencies:
    has-symbols "^1.0.2"

is-typed-array@^1.1.10, is-typed-array@^1.1.9:
  version "1.1.12"
  resolved "https://registry.npmjs.org/is-typed-array/-/is-typed-array-1.1.12.tgz"
  integrity sha512-Z14TF2JNG8Lss5/HMqt0//T9JeHXttXy5pH/DBU4vi98ozO2btxzq9MwYDZYnKwU8nRsz/+GVFVRDq3DkVuSPg==
  dependencies:
    which-typed-array "^1.1.11"

is-weakref@^1.0.2:
  version "1.0.2"
  resolved "https://registry.npmjs.org/is-weakref/-/is-weakref-1.0.2.tgz"
  integrity sha512-qctsuLZmIQ0+vSSMfoVvyFe2+GSEvnmZ2ezTup1SBse9+twCCeial6EEi3Nc2KFcf6+qz2FBPnjXsk8xhKSaPQ==
  dependencies:
    call-bind "^1.0.2"

isarray@^2.0.5:
  version "2.0.5"
  resolved "https://registry.npmjs.org/isarray/-/isarray-2.0.5.tgz"
  integrity sha512-xHjhDr3cNBK0BzdUJSPXZntQUx/mwMS5Rw4A7lPJ90XGAO6ISP/ePDNuo0vhqOZU+UD5JoodwCAAoZQd3FeAKw==

jsonfile@^4.0.0:
  version "4.0.0"
  resolved "https://registry.npmjs.org/jsonfile/-/jsonfile-4.0.0.tgz"
  integrity sha512-m6F1R3z8jjlf2imQHS2Qez5sjKWQzbuuhuJ/FKYFRZvPE3PuHcSMVZzfsLhGVOkfd20obL5SWEBew5ShlquNxg==
  optionalDependencies:
    graceful-fs "^4.1.6"

jsonwebtoken@^9.0.0:
  version "9.0.1"
  resolved "https://registry.npmjs.org/jsonwebtoken/-/jsonwebtoken-9.0.1.tgz"
  integrity sha512-K8wx7eJ5TPvEjuiVSkv167EVboBDv9PZdDoF7BgeQnBLVvZWW9clr2PsQHVJDTKaEIH5JBIwHujGcHp7GgI2eg==
  dependencies:
    jws "^3.2.2"
    lodash "^4.17.21"
    ms "^2.1.1"
    semver "^7.3.8"

jwa@^1.4.1:
  version "1.4.1"
  resolved "https://registry.npmjs.org/jwa/-/jwa-1.4.1.tgz"
  integrity sha512-qiLX/xhEEFKUAJ6FiBMbes3w9ATzyk5W7Hvzpa/SLYdxNtng+gcurvrI7TbACjIXlsJyr05/S1oUhZrc63evQA==
  dependencies:
    buffer-equal-constant-time "1.0.1"
    ecdsa-sig-formatter "1.0.11"
    safe-buffer "^5.0.1"

jws@^3.2.2:
  version "3.2.2"
  resolved "https://registry.npmjs.org/jws/-/jws-3.2.2.tgz"
  integrity sha512-YHlZCB6lMTllWDtSPHz/ZXTsi8S00usEV6v1tjq8tOUZzw7DpSDWVXjXDre6ed1w/pd495ODpHZYSdkRTsa0HA==
  dependencies:
    jwa "^1.4.1"
    safe-buffer "^5.0.1"

lodash@^4.17.21:
  version "4.17.21"
  resolved "https://registry.npmjs.org/lodash/-/lodash-4.17.21.tgz"
  integrity sha512-v2kDEe57lecTulaDIuNTPy3Ry4gLGJ6Z1O3vE1krgXZNrsQ+LFTGHVxVjcXPs17LhbZVGedAJv8XZ1tvj5FvSg==

lru-cache@^10.0.0:
  version "10.0.0"
  resolved "https://registry.npmjs.org/lru-cache/-/lru-cache-10.0.0.tgz"
  integrity sha512-svTf/fzsKHffP42sujkO/Rjs37BCIsQVRCeNYIm9WN8rgT7ffoUnRtZCqU+6BqcSBdv8gwJeTz8knJpgACeQMw==

lru-cache@^6.0.0:
  version "6.0.0"
  resolved "https://registry.npmjs.org/lru-cache/-/lru-cache-6.0.0.tgz"
  integrity sha512-Jo6dJ04CmSjuznwJSS3pUeWmd/H0ffTlkXXgwZi+eq1UCmqQwCh+eLsYOYCwY991i2Fah4h1BEMCx4qThGbsiA==
  dependencies:
    yallist "^4.0.0"

minimatch@^3.0.4, minimatch@^3.1.1:
  version "3.1.2"
  resolved "https://registry.npmjs.org/minimatch/-/minimatch-3.1.2.tgz"
  integrity sha512-J7p63hRiAjw1NDEww1W7i37+ByIrOWO5XQQAzZ3VOcL0PNybwpfmV/N05zFAzwQ9USyEcX6t3UO+K5aqBQOIHw==
  dependencies:
    brace-expansion "^1.1.7"

ms@^2.1.1:
  version "2.1.3"
  resolved "https://registry.npmjs.org/ms/-/ms-2.1.3.tgz"
  integrity sha512-6FlzubTLZG3J2a/NVCAleEhjzq5oxgHyaCU9yYXvcLsvoVaHJq/s5xXI6/XXP6tz7R9xAOtHnSO/tXtF3WRTlA==

ms@2.0.0:
  version "2.0.0"
  resolved "https://registry.npmjs.org/ms/-/ms-2.0.0.tgz"
  integrity sha512-Tpp60P6IUJDTuOq/5Z8cdskzJujfwqfOTkrwIwj7IRISpnkJnT6SyJ4PCPnGMoFjC9ddhal5KVIYtAt97ix05A==

node-domexception@^1.0.0:
  version "1.0.0"
  resolved "https://registry.npmjs.org/node-domexception/-/node-domexception-1.0.0.tgz"
  integrity sha512-/jKZoMpw0F8GRwl4/eLROPA3cfcXtLApP0QzLmUT/HuPCZWyB7IY9ZrMeKw2O/nFIqPQB3PVM9aYm0F312AXDQ==

node-fetch@^3.3.2:
  version "3.3.2"
  resolved "https://registry.npmjs.org/node-fetch/-/node-fetch-3.3.2.tgz"
  integrity sha512-dRB78srN/l6gqWulah9SrxeYnxeddIG30+GOqK/9OlLVyLg3HPnr6SqOWTWOXKRwC2eGYCkZ59NNuSgvSrpgOA==
  dependencies:
    data-uri-to-buffer "^4.0.0"
    fetch-blob "^3.1.4"
    formdata-polyfill "^4.0.10"

object-inspect@^1.12.3, object-inspect@^1.9.0:
  version "1.12.3"
  resolved "https://registry.npmjs.org/object-inspect/-/object-inspect-1.12.3.tgz"
  integrity sha512-geUvdk7c+eizMNUDkRpW1wJwgfOiOeHbxBR/hLXK1aT6zmVSO0jsQcs7fj6MGw89jC/cjGfLcNOrtMYtGqm81g==

object-keys@^1.1.1:
  version "1.1.1"
  resolved "https://registry.npmjs.org/object-keys/-/object-keys-1.1.1.tgz"
  integrity sha512-NuAESUOUMrlIXOfHKzD6bpPu3tYt3xvjNdRIQ+FeT0lNb4K8WR70CaDxhuNguS2XG+GjkyMwOzsN5ZktImfhLA==

object.assign@^4.1.4:
  version "4.1.4"
  resolved "https://registry.npmjs.org/object.assign/-/object.assign-4.1.4.tgz"
  integrity sha512-1mxKf0e58bvyjSCtKYY4sRe9itRk3PJpquJOjeIkz885CczcI4IvJJDLPS72oowuSh+pBxUFROpX+TU++hxhZQ==
  dependencies:
    call-bind "^1.0.2"
    define-properties "^1.1.4"
    has-symbols "^1.0.3"
    object-keys "^1.1.1"

object.getownpropertydescriptors@^2.1.6:
  version "2.1.6"
  resolved "https://registry.npmjs.org/object.getownpropertydescriptors/-/object.getownpropertydescriptors-2.1.6.tgz"
  integrity sha512-lq+61g26E/BgHv0ZTFgRvi7NMEPuAxLkFU7rukXjc/AlwH4Am5xXVnIXy3un1bg/JPbXHrixRkK1itUzzPiIjQ==
  dependencies:
    array.prototype.reduce "^1.0.5"
    call-bind "^1.0.2"
    define-properties "^1.2.0"
    es-abstract "^1.21.2"
    safe-array-concat "^1.0.0"

octokit@^3.1.0:
  version "3.1.0"
  resolved "https://registry.npmjs.org/octokit/-/octokit-3.1.0.tgz"
  integrity sha512-dmIH5D+edpb4/ASd6ZGo6BiRR1g4ytu8lG4f+6XN/2AW+CSuTsT0nj1d6rv/HKgoflMQ1+rb3KlVWcvrmgQZhw==
  dependencies:
    "@octokit/app" "^14.0.0"
    "@octokit/core" "^5.0.0"
    "@octokit/oauth-app" "^6.0.0"
    "@octokit/plugin-paginate-graphql" "^4.0.0"
    "@octokit/plugin-paginate-rest" "^8.0.0"
    "@octokit/plugin-rest-endpoint-methods" "^9.0.0"
    "@octokit/plugin-retry" "^6.0.0"
    "@octokit/plugin-throttling" "^7.0.0"
    "@octokit/request-error" "^5.0.0"
    "@octokit/types" "^11.1.0"

once@^1.3.0, once@^1.4.0:
  version "1.4.0"
  resolved "https://registry.npmjs.org/once/-/once-1.4.0.tgz"
  integrity sha512-lNaJgI+2Q5URQBkccEKHTQOPaXdUxnZZElQTZY0MFUAuaEqe1E+Nyvgdz/aIyNi6Z9MzO5dv1H8n58/GELp3+w==
  dependencies:
    wrappy "1"

path-is-absolute@^1.0.0:
  version "1.0.1"
  resolved "https://registry.npmjs.org/path-is-absolute/-/path-is-absolute-1.0.1.tgz"
  integrity sha512-AVbw3UJ2e9bq64vSaS9Am0fje1Pa8pbGqTTsmXfaIiMpnr5DlDhfJOuLj9Sf95ZPVDAUerDfEk88MPmPe7UCQg==

pify@^4.0.1:
  version "4.0.1"
  resolved "https://registry.npmjs.org/pify/-/pify-4.0.1.tgz"
  integrity sha512-uB80kBFb/tfd68bVleG9T5GGsGPjJrLAUpR5PZIrhBnIaRTQRjqdJSsIKkOP6OAIFbj7GOrcudc5pNjZ+geV2g==

pretty-bytes@^5.3.0:
  version "5.6.0"
  resolved "https://registry.npmjs.org/pretty-bytes/-/pretty-bytes-5.6.0.tgz"
  integrity sha512-FFw039TmrBqFK8ma/7OL3sDz/VytdtJr044/QUJtH0wK9lb9jLq9tJyIxUwtQJHwar2BqtiA4iCWSwo9JLkzFg==

pretty-bytes@^6.1.1:
  version "6.1.1"
  resolved "https://registry.npmjs.org/pretty-bytes/-/pretty-bytes-6.1.1.tgz"
  integrity sha512-mQUvGU6aUFQ+rNvTIAcZuWGRT9a6f6Yrg9bHs4ImKF+HZCEK+plBvnAZYSIQztknZF2qnzNtr6F8s0+IuptdlQ==

regexp.prototype.flags@^1.5.0:
  version "1.5.0"
  resolved "https://registry.npmjs.org/regexp.prototype.flags/-/regexp.prototype.flags-1.5.0.tgz"
  integrity sha512-0SutC3pNudRKgquxGoRGIz946MZVHqbNfPjBdxeOhBrdgDKlRoXmYLQN9xRbrR09ZXWeGAdPuif7egofn6v5LA==
  dependencies:
    call-bind "^1.0.2"
    define-properties "^1.2.0"
    functions-have-names "^1.2.3"

safe-array-concat@^1.0.0:
  version "1.0.0"
  resolved "https://registry.npmjs.org/safe-array-concat/-/safe-array-concat-1.0.0.tgz"
  integrity sha512-9dVEFruWIsnie89yym+xWTAYASdpw3CJV7Li/6zBewGf9z2i1j31rP6jnY0pHEO4QZh6N0K11bFjWmdR8UGdPQ==
  dependencies:
    call-bind "^1.0.2"
    get-intrinsic "^1.2.0"
    has-symbols "^1.0.3"
    isarray "^2.0.5"

safe-buffer@^5.0.1:
  version "5.2.1"
  resolved "https://registry.npmjs.org/safe-buffer/-/safe-buffer-5.2.1.tgz"
  integrity sha512-rp3So07KcdmmKbGvgaNxQSJr7bGVSVk5S9Eq1F+ppbRo70+YeaDxkw5Dd8NPN+GD6bjnYm2VuPuCXmpuYvmCXQ==

safe-regex-test@^1.0.0:
  version "1.0.0"
  resolved "https://registry.npmjs.org/safe-regex-test/-/safe-regex-test-1.0.0.tgz"
  integrity sha512-JBUUzyOgEwXQY1NuPtvcj/qcBDbDmEvWufhlnXZIm75DEHp+afM1r1ujJpJsV/gSM4t59tpDyPi1sd6ZaPFfsA==
  dependencies:
    call-bind "^1.0.2"
    get-intrinsic "^1.1.3"
    is-regex "^1.1.4"

semver@^7.3.8:
  version "7.5.4"
  resolved "https://registry.npmjs.org/semver/-/semver-7.5.4.tgz"
  integrity sha512-1bCSESV6Pv+i21Hvpxp3Dx+pSD8lIPt8uVjRrxAUt/nbswYc+tK6Y2btiULjd4+fnq15PX+nqQDC7Oft7WkwcA==
  dependencies:
    lru-cache "^6.0.0"

side-channel@^1.0.4:
  version "1.0.4"
  resolved "https://registry.npmjs.org/side-channel/-/side-channel-1.0.4.tgz"
  integrity sha512-q5XPytqFEIKHkGdiMIrY10mvLRvnQh42/+GoBlFW3b2LXLE2xxJpZFdm94we0BaoV3RwJyGqg5wS7epxTv0Zvw==
  dependencies:
    call-bind "^1.0.0"
    get-intrinsic "^1.0.2"
    object-inspect "^1.9.0"

size-plugin-core@^0.0.9:
  version "0.0.9"
  resolved "https://registry.npmjs.org/size-plugin-core/-/size-plugin-core-0.0.9.tgz"
  integrity sha512-5Tn5TmCNg9G8LbmB7ocWTGorJ4azeC0eCjNFOESE3tUUP40+TEi7H/gTVUAussVOSpQ2SgE7Tq7Fa7cDZefgug==
  dependencies:
    brotli-size "^4.0.0"
    chalk "^2.4.2"
    fs-extra "^8.1.0"
    glob "^7.1.4"
    gzip-size "^5.1.1"
    minimatch "^3.0.4"
    pretty-bytes "^5.3.0"
    size-plugin-store "^0.0.5"
    util.promisify "^1.0.0"

size-plugin-store@^0.0.5:
  version "0.0.5"
  resolved "https://registry.npmjs.org/size-plugin-store/-/size-plugin-store-0.0.5.tgz"
  integrity sha512-SIFBv0wMMMfdqg1Po8vem90OaXe2Cftfo0AiXYU9m9JxDhOd726K+0BfNcYyOmDyrH2uUM7zMlnU2OhbbsDv5Q==
  dependencies:
    axios "^0.19.0"
    ci-env "^1.11.0"

string.prototype.trim@^1.2.7:
  version "1.2.7"
  resolved "https://registry.npmjs.org/string.prototype.trim/-/string.prototype.trim-1.2.7.tgz"
  integrity sha512-p6TmeT1T3411M8Cgg9wBTMRtY2q9+PNy9EV1i2lIXUN/btt763oIfxwN3RR8VU6wHX8j/1CFy0L+YuThm6bgOg==
  dependencies:
    call-bind "^1.0.2"
    define-properties "^1.1.4"
    es-abstract "^1.20.4"

string.prototype.trimend@^1.0.6:
  version "1.0.6"
  resolved "https://registry.npmjs.org/string.prototype.trimend/-/string.prototype.trimend-1.0.6.tgz"
  integrity sha512-JySq+4mrPf9EsDBEDYMOb/lM7XQLulwg5R/m1r0PXEFqrV0qHvl58sdTilSXtKOflCsK2E8jxf+GKC0T07RWwQ==
  dependencies:
    call-bind "^1.0.2"
    define-properties "^1.1.4"
    es-abstract "^1.20.4"

string.prototype.trimstart@^1.0.6:
  version "1.0.6"
  resolved "https://registry.npmjs.org/string.prototype.trimstart/-/string.prototype.trimstart-1.0.6.tgz"
  integrity sha512-omqjMDaY92pbn5HOX7f9IccLA+U1tA9GvtU4JrodiXFfYB7jPzzHpRzpglLAjtUV6bB557zwClJezTqnAiYnQA==
  dependencies:
    call-bind "^1.0.2"
    define-properties "^1.1.4"
    es-abstract "^1.20.4"

supports-color@^5.3.0:
  version "5.5.0"
  resolved "https://registry.npmjs.org/supports-color/-/supports-color-5.5.0.tgz"
  integrity sha512-QjVjwdXIt408MIiAqCX4oUKsgU2EqAGzs2Ppkm4aQYbjm+ZEWEcW4SfFNTr4uMNZma0ey4f5lgLrkB0aX0QMow==
  dependencies:
    has-flag "^3.0.0"

typed-array-buffer@^1.0.0:
  version "1.0.0"
  resolved "https://registry.npmjs.org/typed-array-buffer/-/typed-array-buffer-1.0.0.tgz"
  integrity sha512-Y8KTSIglk9OZEr8zywiIHG/kmQ7KWyjseXs1CbSo8vC42w7hg2HgYTxSWwP0+is7bWDc1H+Fo026CpHFwm8tkw==
  dependencies:
    call-bind "^1.0.2"
    get-intrinsic "^1.2.1"
    is-typed-array "^1.1.10"

typed-array-byte-length@^1.0.0:
  version "1.0.0"
  resolved "https://registry.npmjs.org/typed-array-byte-length/-/typed-array-byte-length-1.0.0.tgz"
  integrity sha512-Or/+kvLxNpeQ9DtSydonMxCx+9ZXOswtwJn17SNLvhptaXYDJvkFFP5zbfU/uLmvnBJlI4yrnXRxpdWH/M5tNA==
  dependencies:
    call-bind "^1.0.2"
    for-each "^0.3.3"
    has-proto "^1.0.1"
    is-typed-array "^1.1.10"

typed-array-byte-offset@^1.0.0:
  version "1.0.0"
  resolved "https://registry.npmjs.org/typed-array-byte-offset/-/typed-array-byte-offset-1.0.0.tgz"
  integrity sha512-RD97prjEt9EL8YgAgpOkf3O4IF9lhJFr9g0htQkm0rchFp/Vx7LW5Q8fSXXub7BXAODyUQohRMyOc3faCPd0hg==
  dependencies:
    available-typed-arrays "^1.0.5"
    call-bind "^1.0.2"
    for-each "^0.3.3"
    has-proto "^1.0.1"
    is-typed-array "^1.1.10"

typed-array-length@^1.0.4:
  version "1.0.4"
  resolved "https://registry.npmjs.org/typed-array-length/-/typed-array-length-1.0.4.tgz"
  integrity sha512-KjZypGq+I/H7HI5HlOoGHkWUUGq+Q0TPhQurLbyrVrvnKTBgzLhIJ7j6J/XTQOi0d1RjyZ0wdas8bKs2p0x3Ng==
  dependencies:
    call-bind "^1.0.2"
    for-each "^0.3.3"
    is-typed-array "^1.1.9"

unbox-primitive@^1.0.2:
  version "1.0.2"
  resolved "https://registry.npmjs.org/unbox-primitive/-/unbox-primitive-1.0.2.tgz"
  integrity sha512-61pPlCD9h51VoreyJ0BReideM3MDKMKnh6+V9L08331ipq6Q8OFXZYiqP6n/tbHx4s5I9uRhcye6BrbkizkBDw==
  dependencies:
    call-bind "^1.0.2"
    has-bigints "^1.0.2"
    has-symbols "^1.0.3"
    which-boxed-primitive "^1.0.2"

universal-github-app-jwt@^1.1.1:
  version "1.1.1"
  resolved "https://registry.npmjs.org/universal-github-app-jwt/-/universal-github-app-jwt-1.1.1.tgz"
  integrity sha512-G33RTLrIBMFmlDV4u4CBF7dh71eWwykck4XgaxaIVeZKOYZRAAxvcGMRFTUclVY6xoUPQvO4Ne5wKGxYm/Yy9w==
  dependencies:
    "@types/jsonwebtoken" "^9.0.0"
    jsonwebtoken "^9.0.0"

universal-user-agent@^6.0.0:
  version "6.0.0"
  resolved "https://registry.npmjs.org/universal-user-agent/-/universal-user-agent-6.0.0.tgz"
  integrity sha512-isyNax3wXoKaulPDZWHQqbmIx1k2tb9fb3GGDBRxCscfYV2Ch7WxPArBsFEG8s/safwXTT7H4QGhaIkTp9447w==

universalify@^0.1.0:
  version "0.1.2"
  resolved "https://registry.npmjs.org/universalify/-/universalify-0.1.2.tgz"
  integrity sha512-rBJeI5CXAlmy1pV+617WB9J63U6XcazHHF2f2dbJix4XzpUF0RS3Zbj0FGIOCAva5P/d/GBOYaACQ1w+0azUkg==

util.promisify@^1.0.0:
  version "1.1.2"
  resolved "https://registry.npmjs.org/util.promisify/-/util.promisify-1.1.2.tgz"
  integrity sha512-PBdZ03m1kBnQ5cjjO0ZvJMJS+QsbyIcFwi4hY4U76OQsCO9JrOYjbCFgIF76ccFg9xnJo7ZHPkqyj1GqmdS7MA==
  dependencies:
    call-bind "^1.0.2"
    define-properties "^1.2.0"
    for-each "^0.3.3"
    has-proto "^1.0.1"
    has-symbols "^1.0.3"
    object.getownpropertydescriptors "^2.1.6"
    safe-array-concat "^1.0.0"

web-streams-polyfill@^3.0.3:
  version "3.2.1"
  resolved "https://registry.npmjs.org/web-streams-polyfill/-/web-streams-polyfill-3.2.1.tgz"
  integrity sha512-e0MO3wdXWKrLbL0DgGnUV7WHVuw9OUvL4hjgnPkIeEvESk74gAITi5G606JtZPp39cd8HA9VQzCIvA49LpPN5Q==

which-boxed-primitive@^1.0.2:
  version "1.0.2"
  resolved "https://registry.npmjs.org/which-boxed-primitive/-/which-boxed-primitive-1.0.2.tgz"
  integrity sha512-bwZdv0AKLpplFY2KZRX6TvyuN7ojjr7lwkg6ml0roIy9YeuSr7JS372qlNW18UQYzgYK9ziGcerWqZOmEn9VNg==
  dependencies:
    is-bigint "^1.0.1"
    is-boolean-object "^1.1.0"
    is-number-object "^1.0.4"
    is-string "^1.0.5"
    is-symbol "^1.0.3"

which-typed-array@^1.1.10, which-typed-array@^1.1.11:
  version "1.1.11"
  resolved "https://registry.npmjs.org/which-typed-array/-/which-typed-array-1.1.11.tgz"
  integrity sha512-qe9UWWpkeG5yzZ0tNYxDmd7vo58HDBc39mZ0xWWpolAGADdFOzkfamWLDxkOWcvHQKVmdTyQdLD4NOfjLWTKew==
  dependencies:
    available-typed-arrays "^1.0.5"
    call-bind "^1.0.2"
    for-each "^0.3.3"
    gopd "^1.0.1"
    has-tostringtag "^1.0.0"

wrappy@1:
  version "1.0.2"
  resolved "https://registry.npmjs.org/wrappy/-/wrappy-1.0.2.tgz"
  integrity sha512-l4Sp/DRseor9wL6EvV2+TuQn63dMkPjZ/sp9XkghTEbV9KlPS1xUsZ3u7/IQO4wxtcFB4bgpQPRcR3QCvezPcQ==

yallist@^4.0.0:
  version "4.0.0"
  resolved "https://registry.npmjs.org/yallist/-/yallist-4.0.0.tgz"
  integrity sha512-3wdGidZyq5PB084XLES5TpOSRA3wjXAlIWMhum2kRcv/41Sn2emQ0dycQW4uZXLejwKvg6EsvbdlVL+FYEct7A==
